
Microsoft Visual Studio Solution File, Format Version 12.00
# Visual Studio Version 17
VisualStudioVersion = 17.11.35327.3
MinimumVisualStudioVersion = 10.0.40219.1
Project("{FAE04EC0-301F-11D3-BF4B-00C04F79EFBC}") = "SmartConference", "SmartConference\SmartConference.csproj", "{2A14864E-E657-4007-B6AB-AED74A35CEE2}"
EndProject
Global
	GlobalSection(SolutionConfigurationPlatforms) = preSolution
		Debug|Any CPU = Debug|Any CPU
		Release|Any CPU = Release|Any CPU
	EndGlobalSection
	GlobalSection(ProjectConfigurationPlatforms) = postSolution
		{2A14864E-E657-4007-B6AB-AED74A35CEE2}.Debug|Any CPU.ActiveCfg = Debug|Any CPU
		{2A14864E-E657-4007-B6AB-AED74A35CEE2}.Debug|Any CPU.Build.0 = Debug|Any CPU
		{2A14864E-E657-4007-B6AB-AED74A35CEE2}.Release|Any CPU.ActiveCfg = Release|Any CPU
		{2A14864E-E657-4007-B6AB-AED74A35CEE2}.Release|Any CPU.Build.0 = Release|Any CPU
	EndGlobalSection
	GlobalSection(SolutionProperties) = preSolution
		HideSolutionNode = FALSE
	EndGlobalSection
	GlobalSection(ExtensibilityGlobals) = postSolution
		SolutionGuid = {1106AAC9-62DB-494C-A5D1-7623E0F03B69}
	EndGlobalSection
EndGlobal
